
Microsoft Visual Studio Solution File, Format Version 12.00
# Visual Studio Version 16
VisualStudioVersion = 16.0.30320.27
MinimumVisualStudioVersion = 10.0.40219.1
Project("{8BC9CEB8-8B4A-11D0-8D11-00A0C91BC942}") = "sfml assignment", "sfml assignment\sfml assignment.vcxproj", "{79250188-9265-4917-AD77-2D9B7E21EF65}"
EndProject
Global
	GlobalSection(SolutionConfigurationPlatforms) = preSolution
		Debug|x64 = Debug|x64
		Debug|x86 = Debug|x86
		Release|x64 = Release|x64
		Release|x86 = Release|x86
	EndGlobalSection
	GlobalSection(ProjectConfigurationPlatforms) = postSolution
		{79250188-9265-4917-AD77-2D9B7E21EF65}.Debug|x64.ActiveCfg = Debug|x64
		{79250188-9265-4917-AD77-2D9B7E21EF65}.Debug|x64.Build.0 = Debug|x64
		{79250188-9265-4917-AD77-2D9B7E21EF65}.Debug|x86.ActiveCfg = Debug|Win32
		{79250188-9265-4917-AD77-2D9B7E21EF65}.Debug|x86.Build.0 = Debug|Win32
		{79250188-9265-4917-AD77-2D9B7E21EF65}.Release|x64.ActiveCfg = Release|x64
		{79250188-9265-4917-AD77-2D9B7E21EF65}.Release|x64.Build.0 = Release|x64
		{79250188-9265-4917-AD77-2D9B7E21EF65}.Release|x86.ActiveCfg = Release|Win32
		{79250188-9265-4917-AD77-2D9B7E21EF65}.Release|x86.Build.0 = Release|Win32
	EndGlobalSection
	GlobalSection(SolutionProperties) = preSolution
		HideSolutionNode = FALSE
	EndGlobalSection
	GlobalSection(ExtensibilityGlobals) = postSolution
		SolutionGuid = {177DE7A2-2FE2-4B24-9EB9-5C19B0530327}
	EndGlobalSection
EndGlobal
